
Microsoft Visual Studio Solution File, Format Version 12.00
# Visual Studio Version 17
VisualStudioVersion = 17.7.34202.233
MinimumVisualStudioVersion = 10.0.40219.1
Project("{FAE04EC0-301F-11D3-BF4B-00C04F79EFBC}") = "AplicacaoWeb2", "AplicacaoWeb2\AplicacaoWeb2.csproj", "{01A9725A-E0BC-466A-9A7C-EFE1480C4638}"
EndProject
Global
	GlobalSection(SolutionConfigurationPlatforms) = preSolution
		Debug|Any CPU = Debug|Any CPU
		Release|Any CPU = Release|Any CPU
	EndGlobalSection
	GlobalSection(ProjectConfigurationPlatforms) = postSolution
		{01A9725A-E0BC-466A-9A7C-EFE1480C4638}.Debug|Any CPU.ActiveCfg = Debug|Any CPU
		{01A9725A-E0BC-466A-9A7C-EFE1480C4638}.Debug|Any CPU.Build.0 = Debug|Any CPU
		{01A9725A-E0BC-466A-9A7C-EFE1480C4638}.Release|Any CPU.ActiveCfg = Release|Any CPU
		{01A9725A-E0BC-466A-9A7C-EFE1480C4638}.Release|Any CPU.Build.0 = Release|Any CPU
	EndGlobalSection
	GlobalSection(SolutionProperties) = preSolution
		HideSolutionNode = FALSE
	EndGlobalSection
	GlobalSection(ExtensibilityGlobals) = postSolution
		SolutionGuid = {B3FD5667-2577-498A-A7FC-BB678C8A51AB}
	EndGlobalSection
EndGlobal
